
Microsoft Visual Studio Solution File, Format Version 12.00
# Visual Studio 15
VisualStudioVersion = 15.0.28010.0
MinimumVisualStudioVersion = 10.0.40219.1
Project("{9A19103F-16F7-4668-BE54-9A1E7A4F7556}") = "IControlItems", "IControlItems\IControlItems.csproj", "{473C3C94-0495-4557-9F29-3A247B39574D}"
EndProject
Global
	GlobalSection(SolutionConfigurationPlatforms) = preSolution
		Debug|Any CPU = Debug|Any CPU
		Release|Any CPU = Release|Any CPU
	EndGlobalSection
	GlobalSection(ProjectConfigurationPlatforms) = postSolution
		{473C3C94-0495-4557-9F29-3A247B39574D}.Debug|Any CPU.ActiveCfg = Debug|Any CPU
		{473C3C94-0495-4557-9F29-3A247B39574D}.Debug|Any CPU.Build.0 = Debug|Any CPU
		{473C3C94-0495-4557-9F29-3A247B39574D}.Release|Any CPU.ActiveCfg = Release|Any CPU
		{473C3C94-0495-4557-9F29-3A247B39574D}.Release|Any CPU.Build.0 = Release|Any CPU
	EndGlobalSection
	GlobalSection(SolutionProperties) = preSolution
		HideSolutionNode = FALSE
	EndGlobalSection
	GlobalSection(ExtensibilityGlobals) = postSolution
		SolutionGuid = {2B3EF122-C31F-4CD6-8408-89376D1E21C3}
	EndGlobalSection
EndGlobal
